{
  "name": "easy-youtube-batch-uploader",
  "version": "0.1.6",
  "lockfileVersion": 3,
  "requires": true,
  "packages": {
    "": {
      "name": "easy-youtube-batch-uploader",
      "version": "0.1.6",
      "license": "MIT",
      "bin": {
        "easy-youtube-batch-uploader": "bin/dashcam-cli.js",
        "eybu": "bin/dashcam-cli.js"
      },
      "engines": {
        "node": ">=18"
      }
    }
  }
}
